
Microsoft Visual Studio Solution File, Format Version 12.00
# Visual Studio Version 16
VisualStudioVersion = 16.0.31105.61
MinimumVisualStudioVersion = 10.0.40219.1
Project("{FAE04EC0-301F-11D3-BF4B-00C04F79EFBC}") = "ExcelToUnity_DataConverter", "ExcelToUnity_DataConverter\ExcelToUnity_DataConverter.csproj", "{271A65CF-F662-47C9-BE6D-C05963FB08FC}"
EndProject
Global
	GlobalSection(SolutionConfigurationPlatforms) = preSolution
		Debug|Any CPU = Debug|Any CPU
		Release|Any CPU = Release|Any CPU
	EndGlobalSection
	GlobalSection(ProjectConfigurationPlatforms) = postSolution
		{271A65CF-F662-47C9-BE6D-C05963FB08FC}.Debug|Any CPU.ActiveCfg = Debug|Any CPU
		{271A65CF-F662-47C9-BE6D-C05963FB08FC}.Debug|Any CPU.Build.0 = Debug|Any CPU
		{271A65CF-F662-47C9-BE6D-C05963FB08FC}.Release|Any CPU.ActiveCfg = Release|Any CPU
		{271A65CF-F662-47C9-BE6D-C05963FB08FC}.Release|Any CPU.Build.0 = Release|Any CPU
	EndGlobalSection
	GlobalSection(SolutionProperties) = preSolution
		HideSolutionNode = FALSE
	EndGlobalSection
	GlobalSection(ExtensibilityGlobals) = postSolution
		SolutionGuid = {2B2820BA-37CC-46E2-BE8A-CD1026444426}
	EndGlobalSection
EndGlobal
